
Microsoft Visual Studio Solution File, Format Version 12.00
# Visual Studio Version 16
VisualStudioVersion = 16.0.29306.81
MinimumVisualStudioVersion = 10.0.40219.1
Project("{FAE04EC0-301F-11D3-BF4B-00C04F79EFBC}") = "Assignment 1", "Assignment 1.csproj", "{22423116-9754-4554-8FE1-CB0149A2984A}"
EndProject
Global
	GlobalSection(SolutionConfigurationPlatforms) = preSolution
		Debug|Any CPU = Debug|Any CPU
		Release|Any CPU = Release|Any CPU
	EndGlobalSection
	GlobalSection(ProjectConfigurationPlatforms) = postSolution
		{22423116-9754-4554-8FE1-CB0149A2984A}.Debug|Any CPU.ActiveCfg = Debug|Any CPU
		{22423116-9754-4554-8FE1-CB0149A2984A}.Debug|Any CPU.Build.0 = Debug|Any CPU
		{22423116-9754-4554-8FE1-CB0149A2984A}.Release|Any CPU.ActiveCfg = Release|Any CPU
		{22423116-9754-4554-8FE1-CB0149A2984A}.Release|Any CPU.Build.0 = Release|Any CPU
	EndGlobalSection
	GlobalSection(SolutionProperties) = preSolution
		HideSolutionNode = FALSE
	EndGlobalSection
	GlobalSection(ExtensibilityGlobals) = postSolution
		SolutionGuid = {AA5101AB-0A1E-4364-A6BE-05A20CD24E54}
	EndGlobalSection
EndGlobal
